PODS:
  - CryptoSwift (1.8.0)
  - Differentiator (5.0.0)
  - Kingfisher (7.6.2)
  - RxCocoa (6.6.0):
    - RxRelay (= 6.6.0)
    - RxSwift (= 6.6.0)
  - RxDataSources (5.0.0):
    - Differentiator (~> 5.0)
    - RxCocoa (~> 6.0)
    - RxSwift (~> 6.0)
  - RxGesture (4.0.4):
    - RxCocoa (~> 6.0)
    - RxSwift (~> 6.0)
  - RxRelay (6.6.0):
    - RxSwift (= 6.6.0)
  - RxSwift (6.6.0)
  - SwiftLint (0.51.0)

DEPENDENCIES:
  - CryptoSwift
  - Kingfisher
  - RxCocoa
  - RxDataSources
  - RxGesture
  - RxSwift
  - SwiftLint

SPEC REPOS:
  trunk:
    - CryptoSwift
    - Differentiator
    - Kingfisher
    - RxCocoa
    - RxDataSources
    - RxGesture
    - RxRelay
    - RxSwift
    - SwiftLint

SPEC CHECKSUMS:
  CryptoSwift: 52aaf3fce7337552863b1d952e408085f0e65030
  Differentiator: e8497ceab83c1b10ca233716d547b9af21b9344d
  Kingfisher: 6c5449c6450c5239166510ba04afe374a98afc4f
  RxCocoa: 44a80de90e25b739b5aeaae3c8c371a32e3343cc
  RxDataSources: aa47cc1ed6c500fa0dfecac5c979b723542d79cf
  RxGesture: f3efb47ed2d26a8082f7b660d4a59970e275a7f8
  RxRelay: 45eaa5db8ee4fb50e5ebd57deec0159e97fa51e6
  RxSwift: a4b44f7d24599f674deebd1818eab82e58410632
  SwiftLint: 1b7561918a19e23bfed960e40759086e70f4dba5

PODFILE CHECKSUM: 2972d9382510eb7f2d93617d16c3cb16341dc17b

COCOAPODS: 1.12.0
